// !$*UTF8*$!
{
	archiveVersion = 1;
	classes = {
	};
	objectVersion = 46;
	objects = {

/* Begin PBXBuildFile section */
		4D4A26D81C899BF700037EE9 /* cafelaunchimg.png in Resources */ = {isa = PBXBuildFile; fileRef = 4D4A26D71C899BF700037EE9 /* cafelaunchimg.png */; };
		4D4A26E11C89ACEE00037EE9 /* .gitignore in Resources */ = {isa = PBXBuildFile; fileRef = 4D4A26DA1C89ACEE00037EE9 /* .gitignore */; };
		4D4A26E21C89ACEE00037EE9 /* Default-568h@2x.png in Resources */ = {isa = PBXBuildFile; fileRef = 4D4A26DC1C89ACEE00037EE9 /* Default-568h@2x.png */; };
		4D4A26E31C89ACEE00037EE9 /* Default-667h@2x.png in Resources */ = {isa = PBXBuildFile; fileRef = 4D4A26DD1C89ACEE00037EE9 /* Default-667h@2x.png */; };
		4D4A26E41C89ACEE00037EE9 /* Default-736h@3x.png in Resources */ = {isa = PBXBuildFile; fileRef = 4D4A26DE1C89ACEE00037EE9 /* Default-736h@3x.png */; };
		4D4A26E61C89ACEE00037EE9 /* StoryboardHelper.swift in Sources */ = {isa = PBXBuildFile; fileRef = 4D4A26E01C89ACEE00037EE9 /* StoryboardHelper.swift */; };
		4D669D671C79DE0C005711EA /* ListTableViewController.swift in Sources */ = {isa = PBXBuildFile; fileRef = 4D669D661C79DE0C005711EA /* ListTableViewController.swift */; };
		4D669D6A1C79DE4C005711EA /* ListTableViewCell.swift in Sources */ = {isa = PBXBuildFile; fileRef = 4D669D681C79DE4C005711EA /* ListTableViewCell.swift */; };
		4D669D6B1C79DE4C005711EA /* ListTableViewCell.xib in Resources */ = {isa = PBXBuildFile; fileRef = 4D669D691C79DE4C005711EA /* ListTableViewCell.xib */; };
		4D669DA81C7B3F80005711EA /* Cafe.swift in Sources */ = {isa = PBXBuildFile; fileRef = 4D669DA71C7B3F80005711EA /* Cafe.swift */; };
		4D669DAA1C7C23D4005711EA /* SyousaiViewController.swift in Sources */ = {isa = PBXBuildFile; fileRef = 4D669DA91C7C23D4005711EA /* SyousaiViewController.swift */; };
		4D669DAE1C7FF99C005711EA /* cafetop.png in Resources */ = {isa = PBXBuildFile; fileRef = 4D669DAB1C7FF99C005711EA /* cafetop.png */; };
		4D669DAF1C7FF99C005711EA /* torokubutton.png in Resources */ = {isa = PBXBuildFile; fileRef = 4D669DAC1C7FF99C005711EA /* torokubutton.png */; };
		4D669DB01C7FF99C005711EA /* share.png in Resources */ = {isa = PBXBuildFile; fileRef = 4D669DAD1C7FF99C005711EA /* share.png */; };
		4D669DB61C80179E005711EA /* cafetop_done.png in Resources */ = {isa = PBXBuildFile; fileRef = 4D669DB51C80179E005711EA /* cafetop_done.png */; };
		4D669DBF1C87382D0059D173 /* Contents.json in Resources */ = {isa = PBXBuildFile; fileRef = 4D669DA91C87382D0059D173 /* Contents.json */; };
		4D669DC01C87382D0059D173 /* Icon-40.png in Resources */ = {isa = PBXBuildFile; fileRef = 4D669DAA1C87382D0059D173 /* Icon-40.png */; };
		4D669DC11C87382D0059D173 /* Icon-40@2x.png in Resources */ = {isa = PBXBuildFile; fileRef = 4D669DAB1C87382D0059D173 /* Icon-40@2x.png */; };
		4D669DC21C87382D0059D173 /* Icon-40@3x.png in Resources */ = {isa = PBXBuildFile; fileRef = 4D669DAC1C87382D0059D173 /* Icon-40@3x.png */; };
		4D669DC31C87382D0059D173 /* Icon-60@2x.png in Resources */ = {isa = PBXBuildFile; fileRef = 4D669DAD1C87382D0059D173 /* Icon-60@2x.png */; };
		4D669DC41C87382D0059D173 /* Icon-60@3x.png in Resources */ = {isa = PBXBuildFile; fileRef = 4D669DAE1C87382D0059D173 /* Icon-60@3x.png */; };
		4D669DC51C87382D0059D173 /* Icon-76.png in Resources */ = {isa = PBXBuildFile; fileRef = 4D669DAF1C87382D0059D173 /* Icon-76.png */; };
		4D669DC61C87382D0059D173 /* Icon-76@2x.png in Resources */ = {isa = PBXBuildFile; fileRef = 4D669DB01C87382D0059D173 /* Icon-76@2x.png */; };
		4D669DC71C87382D0059D173 /* Icon-83.5@2x.png in Resources */ = {isa = PBXBuildFile; fileRef = 4D669DB11C87382D0059D173 /* Icon-83.5@2x.png */; };
		4D669DC81C87382D0059D173 /* Icon-Small.png in Resources */ = {isa = PBXBuildFile; fileRef = 4D669DB21C87382D0059D173 /* Icon-Small.png */; };
		4D669DC91C87382D0059D173 /* Icon-Small@2x.png in Resources */ = {isa = PBXBuildFile; fileRef = 4D669DB31C87382D0059D173 /* Icon-Small@2x.png */; };
		4D669DCA1C87382D0059D173 /* Icon-Small@3x.png in Resources */ = {isa = PBXBuildFile; fileRef = 4D669DB41C87382D0059D173 /* Icon-Small@3x.png */; };
		4D669DCB1C87382D0059D173 /* Icon-60.png in Resources */ = {isa = PBXBuildFile; fileRef = 4D669DB51C87382D0059D173 /* Icon-60.png */; };
		4D669DCC1C87382D0059D173 /* Icon-72.png in Resources */ = {isa = PBXBuildFile; fileRef = 4D669DB61C87382D0059D173 /* Icon-72.png */; };
		4D669DCD1C87382D0059D173 /* Icon-72@2x.png in Resources */ = {isa = PBXBuildFile; fileRef = 4D669DB71C87382D0059D173 /* Icon-72@2x.png */; };
		4D669DCE1C87382D0059D173 /* Icon-Small-50.png in Resources */ = {isa = PBXBuildFile; fileRef = 4D669DB81C87382D0059D173 /* Icon-Small-50.png */; };
		4D669DCF1C87382D0059D173 /* Icon-Small-50@2x.png in Resources */ = {isa = PBXBuildFile; fileRef = 4D669DB91C87382D0059D173 /* Icon-Small-50@2x.png */; };
		4D669DD01C87382D0059D173 /* Icon.png in Resources */ = {isa = PBXBuildFile; fileRef = 4D669DBA1C87382D0059D173 /* Icon.png */; };
		4D669DD11C87382D0059D173 /* Icon@2x.png in Resources */ = {isa = PBXBuildFile; fileRef = 4D669DBB1C87382D0059D173 /* Icon@2x.png */; };
		4D669DD21C87382D0059D173 /* iTunesArtwork.png in Resources */ = {isa = PBXBuildFile; fileRef = 4D669DBC1C87382D0059D173 /* iTunesArtwork.png */; };
		4D669DD31C87382D0059D173 /* iTunesArtwork@2x.png in Resources */ = {isa = PBXBuildFile; fileRef = 4D669DBD1C87382D0059D173 /* iTunesArtwork@2x.png */; };
		4D669DD41C87382D0059D173 /* README.md in Sources */ = {isa = PBXBuildFile; fileRef = 4D669DBE1C87382D0059D173 /* README.md */; };
		4D9830121C7843B600C4AC91 /* cafe22.jpg in Resources */ = {isa = PBXBuildFile; fileRef = 4D9830101C7843B600C4AC91 /* cafe22.jpg */; };
		4D9830131C7843B600C4AC91 /* cafe_back.jpg in Resources */ = {isa = PBXBuildFile; fileRef = 4D9830111C7843B600C4AC91 /* cafe_back.jpg */; };
		4DA246D51C86B0E40027F165 /* woodbackground.jpg in Resources */ = {isa = PBXBuildFile; fileRef = 4DA246D41C86B0E40027F165 /* woodbackground.jpg */; };
		4DA246D71C86D0D50027F165 /* torokuwaku.png in Resources */ = {isa = PBXBuildFile; fileRef = 4DA246D61C86D0D50027F165 /* torokuwaku.png */; };
		4DA246D91C86D5350027F165 /* ribon.png in Resources */ = {isa = PBXBuildFile; fileRef = 4DA246D81C86D5350027F165 /* ribon.png */; };
		4DA246DB1C86D85E0027F165 /* icon_045440_256.png in Resources */ = {isa = PBXBuildFile; fileRef = 4DA246DA1C86D85E0027F165 /* icon_045440_256.png */; };
		4DA246DF1C86DF370027F165 /* icon_000010_256.png in Resources */ = {isa = PBXBuildFile; fileRef = 4DA246DE1C86DF370027F165 /* icon_000010_256.png */; };
		4DA246E11C86E7150027F165 /* snsbutton.png in Resources */ = {isa = PBXBuildFile; fileRef = 4DA246E01C86E7150027F165 /* snsbutton.png */; };
		4DFB43C41C72BE9600D5F725 /* AppDelegate.swift in Sources */ = {isa = PBXBuildFile; fileRef = 4DFB43C31C72BE9600D5F725 /* AppDelegate.swift */; };
		4DFB43C61C72BE9600D5F725 /* ViewController.swift in Sources */ = {isa = PBXBuildFile; fileRef = 4DFB43C51C72BE9600D5F725 /* ViewController.swift */; };
		4DFB43C91C72BE9600D5F725 /* Main.storyboard in Resources */ = {isa = PBXBuildFile; fileRef = 4DFB43C71C72BE9600D5F725 /* Main.storyboard */; };
		4DFB43CB1C72BE9600D5F725 /* Assets.xcassets in Resources */ = {isa = PBXBuildFile; fileRef = 4DFB43CA1C72BE9600D5F725 /* Assets.xcassets */; };
		4DFB43CE1C72BE9600D5F725 /* LaunchScreen.storyboard in Resources */ = {isa = PBXBuildFile; fileRef = 4DFB43CC1C72BE9600D5F725 /* LaunchScreen.storyboard */; };
		4DFB43D91C72BE9600D5F725 /* cafeappTests.swift in Sources */ = {isa = PBXBuildFile; fileRef = 4DFB43D81C72BE9600D5F725 /* cafeappTests.swift */; };
		4DFB43E41C72BE9600D5F725 /* cafeappUITests.swift in Sources */ = {isa = PBXBuildFile; fileRef = 4DFB43E31C72BE9600D5F725 /* cafeappUITests.swift */; };
		4DFB44611C78222400D5F725 /* TorokuViewController.swift in Sources */ = {isa = PBXBuildFile; fileRef = 4DFB44601C78222400D5F725 /* TorokuViewController.swift */; };
/* End PBXBuildFile section */

/* Begin PBXContainerItemProxy section */
		4DFB43D51C72BE9600D5F725 /* PBXContainerItemProxy */ = {
			isa = PBXContainerItemProxy;
			containerPortal = 4DFB43B81C72BE9600D5F725 /* Project object */;
			proxyType = 1;
			remoteGlobalIDString = 4DFB43BF1C72BE9600D5F725;
			remoteInfo = cafeapp;
		};
		4DFB43E01C72BE9600D5F725 /* PBXContainerItemProxy */ = {
			isa = PBXContainerItemProxy;
			containerPortal = 4DFB43B81C72BE9600D5F725 /* Project object */;
			proxyType = 1;
			remoteGlobalIDString = 4DFB43BF1C72BE9600D5F725;
			remoteInfo = cafeapp;
		};
/* End PBXContainerItemProxy section */

/* Begin PBXFileReference section */
		4D4A26D71C899BF700037EE9 /* cafelaunchimg.png */ = {isa = PBXFileReference; lastKnownFileType = image.png; path = cafelaunchimg.png; sourceTree = "<group>"; };
		4D4A26DA1C89ACEE00037EE9 /* .gitignore */ = {isa = PBXFileReference; fileEncoding = 4; lastKnownFileType = text; path = .gitignore; sourceTree = "<group>"; };
		4D4A26DC1C89ACEE00037EE9 /* Default-568h@2x.png */ = {isa = PBXFileReference; lastKnownFileType = image.png; path = "Default-568h@2x.png"; sourceTree = "<group>"; };
		4D4A26DD1C89ACEE00037EE9 /* Default-667h@2x.png */ = {isa = PBXFileReference; lastKnownFileType = image.png; path = "Default-667h@2x.png"; sourceTree = "<group>"; };
		4D4A26DE1C89ACEE00037EE9 /* Default-736h@3x.png */ = {isa = PBXFileReference; lastKnownFileType = image.png; path = "Default-736h@3x.png"; sourceTree = "<group>"; };
		4D4A26E01C89ACEE00037EE9 /* StoryboardHelper.swift */ = {isa = PBXFileReference; fileEncoding = 4; lastKnownFileType = sourcecode.swift; path = StoryboardHelper.swift; sourceTree = "<group>"; };
		4D669D661C79DE0C005711EA /* ListTableViewController.swift */ = {isa = PBXFileReference; fileEncoding = 4; lastKnownFileType = sourcecode.swift; path = ListTableViewController.swift; sourceTree = "<group>"; };
		4D669D681C79DE4C005711EA /* ListTableViewCell.swift */ = {isa = PBXFileReference; fileEncoding = 4; lastKnownFileType = sourcecode.swift; path = ListTableViewCell.swift; sourceTree = "<group>"; };
		4D669D691C79DE4C005711EA /* ListTableViewCell.xib */ = {isa = PBXFileReference; fileEncoding = 4; lastKnownFileType = file.xib; path = ListTableViewCell.xib; sourceTree = "<group>"; };
		4D669DA71C7B3F80005711EA /* Cafe.swift */ = {isa = PBXFileReference; fileEncoding = 4; lastKnownFileType = sourcecode.swift; name = Cafe.swift; path = Model/Cafe.swift; sourceTree = "<group>"; };
		4D669DA91C7C23D4005711EA /* SyousaiViewController.swift */ = {isa = PBXFileReference; fileEncoding = 4; lastKnownFileType = sourcecode.swift; path = SyousaiViewController.swift; sourceTree = "<group>"; };
		4D669DA91C87382D0059D173 /* Contents.json */ = {isa = PBXFileReference; fileEncoding = 4; lastKnownFileType = text.json; path = Contents.json; sourceTree = "<group>"; };
		4D669DAA1C87382D0059D173 /* Icon-40.png */ = {isa = PBXFileReference; lastKnownFileType = image.png; path = "Icon-40.png"; sourceTree = "<group>"; };
		4D669DAB1C7FF99C005711EA /* cafetop.png */ = {isa = PBXFileReference; lastKnownFileType = image.png; path = cafetop.png; sourceTree = "<group>"; };
		4D669DAB1C87382D0059D173 /* Icon-40@2x.png */ = {isa = PBXFileReference; lastKnownFileType = image.png; path = "Icon-40@2x.png"; sourceTree = "<group>"; };
		4D669DAC1C7FF99C005711EA /* torokubutton.png */ = {isa = PBXFileReference; lastKnownFileType = image.png; path = torokubutton.png; sourceTree = "<group>"; };
		4D669DAC1C87382D0059D173 /* Icon-40@3x.png */ = {isa = PBXFileReference; lastKnownFileType = image.png; path = "Icon-40@3x.png"; sourceTree = "<group>"; };
		4D669DAD1C7FF99C005711EA /* share.png */ = {isa = PBXFileReference; lastKnownFileType = image.png; path = share.png; sourceTree = "<group>"; };
		4D669DAD1C87382D0059D173 /* Icon-60@2x.png */ = {isa = PBXFileReference; lastKnownFileType = image.png; path = "Icon-60@2x.png"; sourceTree = "<group>"; };
		4D669DAE1C87382D0059D173 /* Icon-60@3x.png */ = {isa = PBXFileReference; lastKnownFileType = image.png; path = "Icon-60@3x.png"; sourceTree = "<group>"; };
		4D669DAF1C87382D0059D173 /* Icon-76.png */ = {isa = PBXFileReference; lastKnownFileType = image.png; path = "Icon-76.png"; sourceTree = "<group>"; };
		4D669DB01C87382D0059D173 /* Icon-76@2x.png */ = {isa = PBXFileReference; lastKnownFileType = image.png; path = "Icon-76@2x.png"; sourceTree = "<group>"; };
		4D669DB11C87382D0059D173 /* Icon-83.5@2x.png */ = {isa = PBXFileReference; lastKnownFileType = image.png; path = "Icon-83.5@2x.png"; sourceTree = "<group>"; };
		4D669DB21C87382D0059D173 /* Icon-Small.png */ = {isa = PBXFileReference; lastKnownFileType = image.png; path = "Icon-Small.png"; sourceTree = "<group>"; };
		4D669DB31C87382D0059D173 /* Icon-Small@2x.png */ = {isa = PBXFileReference; lastKnownFileType = image.png; path = "Icon-Small@2x.png"; sourceTree = "<group>"; };
		4D669DB41C87382D0059D173 /* Icon-Small@3x.png */ = {isa = PBXFileReference; lastKnownFileType = image.png; path = "Icon-Small@3x.png"; sourceTree = "<group>"; };
		4D669DB51C80179E005711EA /* cafetop_done.png */ = {isa = PBXFileReference; lastKnownFileType = image.png; path = cafetop_done.png; sourceTree = "<group>"; };
		4D669DB51C87382D0059D173 /* Icon-60.png */ = {isa = PBXFileReference; lastKnownFileType = image.png; path = "Icon-60.png"; sourceTree = "<group>"; };
		4D669DB61C87382D0059D173 /* Icon-72.png */ = {isa = PBXFileReference; lastKnownFileType = image.png; path = "Icon-72.png"; sourceTree = "<group>"; };
		4D669DB71C87382D0059D173 /* Icon-72@2x.png */ = {isa = PBXFileReference; lastKnownFileType = image.png; path = "Icon-72@2x.png"; sourceTree = "<group>"; };
		4D669DB81C87382D0059D173 /* Icon-Small-50.png */ = {isa = PBXFileReference; lastKnownFileType = image.png; path = "Icon-Small-50.png"; sourceTree = "<group>"; };
		4D669DB91C87382D0059D173 /* Icon-Small-50@2x.png */ = {isa = PBXFileReference; lastKnownFileType = image.png; path = "Icon-Small-50@2x.png"; sourceTree = "<group>"; };
		4D669DBA1C87382D0059D173 /* Icon.png */ = {isa = PBXFileReference; lastKnownFileType = image.png; path = Icon.png; sourceTree = "<group>"; };
		4D669DBB1C87382D0059D173 /* Icon@2x.png */ = {isa = PBXFileReference; lastKnownFileType = image.png; path = "Icon@2x.png"; sourceTree = "<group>"; };
		4D669DBC1C87382D0059D173 /* iTunesArtwork.png */ = {isa = PBXFileReference; lastKnownFileType = image.png; path = iTunesArtwork.png; sourceTree = "<group>"; };
		4D669DBD1C87382D0059D173 /* iTunesArtwork@2x.png */ = {isa = PBXFileReference; lastKnownFileType = image.png; path = "iTunesArtwork@2x.png"; sourceTree = "<group>"; };
		4D669DBE1C87382D0059D173 /* README.md */ = {isa = PBXFileReference; fileEncoding = 4; lastKnownFileType = net.daringfireball.markdown; path = README.md; sourceTree = "<group>"; };
		4D9830101C7843B600C4AC91 /* cafe22.jpg */ = {isa = PBXFileReference; lastKnownFileType = image.jpeg; path = cafe22.jpg; sourceTree = "<group>"; };
		4D9830111C7843B600C4AC91 /* cafe_back.jpg */ = {isa = PBXFileReference; lastKnownFileType = image.jpeg; path = cafe_back.jpg; sourceTree = "<group>"; };
		4DA246D41C86B0E40027F165 /* woodbackground.jpg */ = {isa = PBXFileReference; lastKnownFileType = image.jpeg; path = woodbackground.jpg; sourceTree = "<group>"; };
		4DA246D61C86D0D50027F165 /* torokuwaku.png */ = {isa = PBXFileReference; lastKnownFileType = image.png; path = torokuwaku.png; sourceTree = "<group>"; };
		4DA246D81C86D5350027F165 /* ribon.png */ = {isa = PBXFileReference; lastKnownFileType = image.png; path = ribon.png; sourceTree = "<group>"; };
		4DA246DA1C86D85E0027F165 /* icon_045440_256.png */ = {isa = PBXFileReference; lastKnownFileType = image.png; path = icon_045440_256.png; sourceTree = "<group>"; };
		4DA246DE1C86DF370027F165 /* icon_000010_256.png */ = {isa = PBXFileReference; lastKnownFileType = image.png; path = icon_000010_256.png; sourceTree = "<group>"; };
		4DA246E01C86E7150027F165 /* snsbutton.png */ = {isa = PBXFileReference; lastKnownFileType = image.png; path = snsbutton.png; sourceTree = "<group>"; };
		4DFB43C01C72BE9600D5F725 /* cafememo.app */ = {isa = PBXFileReference; explicitFileType = wrapper.application; includeInIndex = 0; path = cafememo.app; sourceTree = BUILT_PRODUCTS_DIR; };
		4DFB43C31C72BE9600D5F725 /* AppDelegate.swift */ = {isa = PBXFileReference; lastKnownFileType = sourcecode.swift; path = AppDelegate.swift; sourceTree = "<group>"; };
		4DFB43C51C72BE9600D5F725 /* ViewController.swift */ = {isa = PBXFileReference; lastKnownFileType = sourcecode.swift; path = ViewController.swift; sourceTree = "<group>"; };
		4DFB43C81C72BE9600D5F725 /* Base */ = {isa = PBXFileReference; lastKnownFileType = file.storyboard; name = Base; path = Base.lproj/Main.storyboard; sourceTree = "<group>"; };
		4DFB43CA1C72BE9600D5F725 /* Assets.xcassets */ = {isa = PBXFileReference; lastKnownFileType = folder.assetcatalog; path = Assets.xcassets; sourceTree = "<group>"; };
		4DFB43CD1C72BE9600D5F725 /* Base */ = {isa = PBXFileReference; lastKnownFileType = file.storyboard; name = Base; path = Base.lproj/LaunchScreen.storyboard; sourceTree = "<group>"; };
		4DFB43CF1C72BE9600D5F725 /* Info.plist */ = {isa = PBXFileReference; lastKnownFileType = text.plist.xml; path = Info.plist; sourceTree = "<group>"; };
		4DFB43D41C72BE9600D5F725 /* cafememo.xctest */ = {isa = PBXFileReference; explicitFileType = wrapper.cfbundle; includeInIndex = 0; path = cafememo.xctest; sourceTree = BUILT_PRODUCTS_DIR; };
		4DFB43D81C72BE9600D5F725 /* cafeappTests.swift */ = {isa = PBXFileReference; lastKnownFileType = sourcecode.swift; path = cafeappTests.swift; sourceTree = "<group>"; };
		4DFB43DA1C72BE9600D5F725 /* Info.plist */ = {isa = PBXFileReference; lastKnownFileType = text.plist.xml; path = Info.plist; sourceTree = "<group>"; };
		4DFB43DF1C72BE9600D5F725 /* cafememo.xctest */ = {isa = PBXFileReference; explicitFileType = wrapper.cfbundle; includeInIndex = 0; path = cafememo.xctest; sourceTree = BUILT_PRODUCTS_DIR; };
		4DFB43E31C72BE9600D5F725 /* cafeappUITests.swift */ = {isa = PBXFileReference; lastKnownFileType = sourcecode.swift; path = cafeappUITests.swift; sourceTree = "<group>"; };
		4DFB43E51C72BE9600D5F725 /* Info.plist */ = {isa = PBXFileReference; lastKnownFileType = text.plist.xml; path = Info.plist; sourceTree = "<group>"; };
		4DFB44601C78222400D5F725 /* TorokuViewController.swift */ = {isa = PBXFileReference; fileEncoding = 4; lastKnownFileType = sourcecode.swift; path = TorokuViewController.swift; sourceTree = "<group>"; };
/* End PBXFileReference section */

/* Begin PBXFrameworksBuildPhase section */
		4DFB43BD1C72BE9600D5F725 /* Frameworks */ = {
			isa = PBXFrameworksBuildPhase;
			buildActionMask = 2147483647;
			files = (
			);
			runOnlyForDeploymentPostprocessing = 0;
		};
		4DFB43D11C72BE9600D5F725 /* Frameworks */ = {
			isa = PBXFrameworksBuildPhase;
			buildActionMask = 2147483647;
			files = (
			);
			runOnlyForDeploymentPostprocessing = 0;
		};
		4DFB43DC1C72BE9600D5F725 /* Frameworks */ = {
			isa = PBXFrameworksBuildPhase;
			buildActionMask = 2147483647;
			files = (
			);
			runOnlyForDeploymentPostprocessing = 0;
		};
/* End PBXFrameworksBuildPhase section */

/* Begin PBXGroup section */
		4D4A26D91C89ACED00037EE9 /* StoryboardHelper-master */ = {
			isa = PBXGroup;
			children = (
				4D4A26DA1C89ACEE00037EE9 /* .gitignore */,
				4D4A26DB1C89ACEE00037EE9 /* Defaults */,
				4D4A26E01C89ACEE00037EE9 /* StoryboardHelper.swift */,
			);
			path = "StoryboardHelper-master";
			sourceTree = "<group>";
		};
		4D4A26DB1C89ACEE00037EE9 /* Defaults */ = {
			isa = PBXGroup;
			children = (
				4D4A26DC1C89ACEE00037EE9 /* Default-568h@2x.png */,
				4D4A26DD1C89ACEE00037EE9 /* Default-667h@2x.png */,
				4D4A26DE1C89ACEE00037EE9 /* Default-736h@3x.png */,
			);
			path = Defaults;
			sourceTree = "<group>";
		};
		4D669DA61C7B3F55005711EA /* Model */ = {
			isa = PBXGroup;
			children = (
				4D669DA71C7B3F80005711EA /* Cafe.swift */,
			);
			name = Model;
			sourceTree = "<group>";
		};
		4D669DA71C87382D0059D173 /* cafeios */ = {
			isa = PBXGroup;
			children = (
				4D669DA81C87382D0059D173 /* AppIcon.appiconset */,
				4D669DB51C87382D0059D173 /* Icon-60.png */,
				4D669DB61C87382D0059D173 /* Icon-72.png */,
				4D669DB71C87382D0059D173 /* Icon-72@2x.png */,
				4D669DB81C87382D0059D173 /* Icon-Small-50.png */,
				4D669DB91C87382D0059D173 /* Icon-Small-50@2x.png */,
				4D669DBA1C87382D0059D173 /* Icon.png */,
				4D669DBB1C87382D0059D173 /* Icon@2x.png */,
				4D669DBC1C87382D0059D173 /* iTunesArtwork.png */,
				4D669DBD1C87382D0059D173 /* iTunesArtwork@2x.png */,
				4D669DBE1C87382D0059D173 /* README.md */,
			);
			path = cafeios;
			sourceTree = "<group>";
		};
		4D669DA81C87382D0059D173 /* AppIcon.appiconset */ = {
			isa = PBXGroup;
			children = (
				4D669DA91C87382D0059D173 /* Contents.json */,
				4D669DAA1C87382D0059D173 /* Icon-40.png */,
				4D669DAB1C87382D0059D173 /* Icon-40@2x.png */,
				4D669DAC1C87382D0059D173 /* Icon-40@3x.png */,
				4D669DAD1C87382D0059D173 /* Icon-60@2x.png */,
				4D669DAE1C87382D0059D173 /* Icon-60@3x.png */,
				4D669DAF1C87382D0059D173 /* Icon-76.png */,
				4D669DB01C87382D0059D173 /* Icon-76@2x.png */,
				4D669DB11C87382D0059D173 /* Icon-83.5@2x.png */,
				4D669DB21C87382D0059D173 /* Icon-Small.png */,
				4D669DB31C87382D0059D173 /* Icon-Small@2x.png */,
				4D669DB41C87382D0059D173 /* Icon-Small@3x.png */,
			);
			path = AppIcon.appiconset;
			sourceTree = "<group>";
		};
		4D98300F1C7843B600C4AC91 /* cafeimage */ = {
			isa = PBXGroup;
			children = (
				4D4A26D71C899BF700037EE9 /* cafelaunchimg.png */,
				4DA246E01C86E7150027F165 /* snsbutton.png */,
				4DA246DE1C86DF370027F165 /* icon_000010_256.png */,
				4DA246DA1C86D85E0027F165 /* icon_045440_256.png */,
				4DA246D81C86D5350027F165 /* ribon.png */,
				4DA246D61C86D0D50027F165 /* torokuwaku.png */,
				4DA246D41C86B0E40027F165 /* woodbackground.jpg */,
				4D669DB51C80179E005711EA /* cafetop_done.png */,
				4D669DAB1C7FF99C005711EA /* cafetop.png */,
				4D669DAC1C7FF99C005711EA /* torokubutton.png */,
				4D669DAD1C7FF99C005711EA /* share.png */,
				4D9830101C7843B600C4AC91 /* cafe22.jpg */,
				4D9830111C7843B600C4AC91 /* cafe_back.jpg */,
			);
			path = cafeimage;
			sourceTree = "<group>";
		};
		4DFB43B71C72BE9500D5F725 = {
			isa = PBXGroup;
			children = (
				4DFB43C21C72BE9600D5F725 /* cafeapp */,
				4DFB43D71C72BE9600D5F725 /* cafeappTests */,
				4DFB43E21C72BE9600D5F725 /* cafeappUITests */,
				4DFB43C11C72BE9600D5F725 /* Products */,
			);
			sourceTree = "<group>";
		};
		4DFB43C11C72BE9600D5F725 /* Products */ = {
			isa = PBXGroup;
			children = (
				4DFB43C01C72BE9600D5F725 /* cafememo.app */,
				4DFB43D41C72BE9600D5F725 /* cafememo.xctest */,
				4DFB43DF1C72BE9600D5F725 /* cafememo.xctest */,
			);
			name = Products;
			sourceTree = "<group>";
		};
		4DFB43C21C72BE9600D5F725 /* cafeapp */ = {
			isa = PBXGroup;
			children = (
				4D4A26D91C89ACED00037EE9 /* StoryboardHelper-master */,
				4D669DA71C87382D0059D173 /* cafeios */,
				4D669DA61C7B3F55005711EA /* Model */,
				4D98300F1C7843B600C4AC91 /* cafeimage */,
				4DFB43C31C72BE9600D5F725 /* AppDelegate.swift */,
				4DFB43C51C72BE9600D5F725 /* ViewController.swift */,
				4DFB44601C78222400D5F725 /* TorokuViewController.swift */,
				4D669D661C79DE0C005711EA /* ListTableViewController.swift */,
				4D669D681C79DE4C005711EA /* ListTableViewCell.swift */,
				4D669D691C79DE4C005711EA /* ListTableViewCell.xib */,
				4D669DA91C7C23D4005711EA /* SyousaiViewController.swift */,
				4DFB43C71C72BE9600D5F725 /* Main.storyboard */,
				4DFB43CA1C72BE9600D5F725 /* Assets.xcassets */,
				4DFB43CC1C72BE9600D5F725 /* LaunchScreen.storyboard */,
				4DFB43CF1C72BE9600D5F725 /* Info.plist */,
			);
			path = cafeapp;
			sourceTree = "<group>";
		};
		4DFB43D71C72BE9600D5F725 /* cafeappTests */ = {
			isa = PBXGroup;
			children = (
				4DFB43D81C72BE9600D5F725 /* cafeappTests.swift */,
				4DFB43DA1C72BE9600D5F725 /* Info.plist */,
			);
			path = cafeappTests;
			sourceTree = "<group>";
		};
		4DFB43E21C72BE9600D5F725 /* cafeappUITests */ = {
			isa = PBXGroup;
			children = (
				4DFB43E31C72BE9600D5F725 /* cafeappUITests.swift */,
				4DFB43E51C72BE9600D5F725 /* Info.plist */,
			);
			path = cafeappUITests;
			sourceTree = "<group>";
		};
/* End PBXGroup section */

/* Begin PBXNativeTarget section */
		4DFB43BF1C72BE9600D5F725 /* cafememo */ = {
			isa = PBXNativeTarget;
			buildConfigurationList = 4DFB43E81C72BE9600D5F725 /* Build configuration list for PBXNativeTarget "cafememo" */;
			buildPhases = (
				4DFB43BC1C72BE9600D5F725 /* Sources */,
				4DFB43BD1C72BE9600D5F725 /* Frameworks */,
				4DFB43BE1C72BE9600D5F725 /* Resources */,
			);
			buildRules = (
			);
			dependencies = (
			);
			name = cafememo;
			productName = cafeapp;
			productReference = 4DFB43C01C72BE9600D5F725 /* cafememo.app */;
			productType = "com.apple.product-type.application";
		};
		4DFB43D31C72BE9600D5F725 /* cafememoTests */ = {
			isa = PBXNativeTarget;
			buildConfigurationList = 4DFB43EB1C72BE9600D5F725 /* Build configuration list for PBXNativeTarget "cafememoTests" */;
			buildPhases = (
				4DFB43D01C72BE9600D5F725 /* Sources */,
				4DFB43D11C72BE9600D5F725 /* Frameworks */,
				4DFB43D21C72BE9600D5F725 /* Resources */,
			);
			buildRules = (
			);
			dependencies = (
				4DFB43D61C72BE9600D5F725 /* PBXTargetDependency */,
			);
			name = cafememoTests;
			productName = cafeappTests;
			productReference = 4DFB43D41C72BE9600D5F725 /* cafememo.xctest */;
			productType = "com.apple.product-type.bundle.unit-test";
		};
		4DFB43DE1C72BE9600D5F725 /* cafememoUITests */ = {
			isa = PBXNativeTarget;
			buildConfigurationList = 4DFB43EE1C72BE9600D5F725 /* Build configuration list for PBXNativeTarget "cafememoUITests" */;
			buildPhases = (
				4DFB43DB1C72BE9600D5F725 /* Sources */,
				4DFB43DC1C72BE9600D5F725 /* Frameworks */,
				4DFB43DD1C72BE9600D5F725 /* Resources */,
			);
			buildRules = (
			);
			dependencies = (
				4DFB43E11C72BE9600D5F725 /* PBXTargetDependency */,
			);
			name = cafememoUITests;
			productName = cafeappUITests;
			productReference = 4DFB43DF1C72BE9600D5F725 /* cafememo.xctest */;
			productType = "com.apple.product-type.bundle.ui-testing";
		};
/* End PBXNativeTarget section */

/* Begin PBXProject section */
		4DFB43B81C72BE9600D5F725 /* Project object */ = {
			isa = PBXProject;
			attributes = {
				LastSwiftUpdateCheck = 0720;
				LastUpgradeCheck = 0720;
				ORGANIZATIONNAME = com.litech;
				TargetAttributes = {
					4DFB43BF1C72BE9600D5F725 = {
						CreatedOnToolsVersion = 7.2.1;
						DevelopmentTeam = J49CD9UEBW;
					};
					4DFB43D31C72BE9600D5F725 = {
						CreatedOnToolsVersion = 7.2.1;
						TestTargetID = 4DFB43BF1C72BE9600D5F725;
					};
					4DFB43DE1C72BE9600D5F725 = {
						CreatedOnToolsVersion = 7.2.1;
						TestTargetID = 4DFB43BF1C72BE9600D5F725;
					};
				};
			};
			buildConfigurationList = 4DFB43BB1C72BE9600D5F725 /* Build configuration list for PBXProject "cafememo" */;
			compatibilityVersion = "Xcode 3.2";
			developmentRegion = English;
			hasScannedForEncodings = 0;
			knownRegions = (
				en,
				Base,
			);
			mainGroup = 4DFB43B71C72BE9500D5F725;
			productRefGroup = 4DFB43C11C72BE9600D5F725 /* Products */;
			projectDirPath = "";
			projectRoot = "";
			targets = (
				4DFB43BF1C72BE9600D5F725 /* cafememo */,
				4DFB43D31C72BE9600D5F725 /* cafememoTests */,
				4DFB43DE1C72BE9600D5F725 /* cafememoUITests */,
			);
		};
/* End PBXProject section */

/* Begin PBXResourcesBuildPhase section */
		4DFB43BE1C72BE9600D5F725 /* Resources */ = {
			isa = PBXResourcesBuildPhase;
			buildActionMask = 2147483647;
			files = (
				4DA246E11C86E7150027F165 /* snsbutton.png in Resources */,
				4D669DC51C87382D0059D173 /* Icon-76.png in Resources */,
				4D669DC41C87382D0059D173 /* Icon-60@3x.png in Resources */,
				4D669DC91C87382D0059D173 /* Icon-Small@2x.png in Resources */,
				4DA246DF1C86DF370027F165 /* icon_000010_256.png in Resources */,
				4DFB43CE1C72BE9600D5F725 /* LaunchScreen.storyboard in Resources */,
				4D669DC71C87382D0059D173 /* Icon-83.5@2x.png in Resources */,
				4D669DB01C7FF99C005711EA /* share.png in Resources */,
				4D669D6B1C79DE4C005711EA /* ListTableViewCell.xib in Resources */,
				4DA246DB1C86D85E0027F165 /* icon_045440_256.png in Resources */,
				4D669DCA1C87382D0059D173 /* Icon-Small@3x.png in Resources */,
				4D669DD31C87382D0059D173 /* iTunesArtwork@2x.png in Resources */,
				4DA246D51C86B0E40027F165 /* woodbackground.jpg in Resources */,
				4D4A26E21C89ACEE00037EE9 /* Default-568h@2x.png in Resources */,
				4DFB43CB1C72BE9600D5F725 /* Assets.xcassets in Resources */,
				4D669DC61C87382D0059D173 /* Icon-76@2x.png in Resources */,
				4D669DCC1C87382D0059D173 /* Icon-72.png in Resources */,
				4D669DD11C87382D0059D173 /* Icon@2x.png in Resources */,
				4D669DB61C80179E005711EA /* cafetop_done.png in Resources */,
				4D669DAF1C7FF99C005711EA /* torokubutton.png in Resources */,
				4D669DCF1C87382D0059D173 /* Icon-Small-50@2x.png in Resources */,
				4DFB43C91C72BE9600D5F725 /* Main.storyboard in Resources */,
				4D9830121C7843B600C4AC91 /* cafe22.jpg in Resources */,
				4D4A26D81C899BF700037EE9 /* cafelaunchimg.png in Resources */,
				4D669DD01C87382D0059D173 /* Icon.png in Resources */,
				4D4A26E31C89ACEE00037EE9 /* Default-667h@2x.png in Resources */,
				4D669DAE1C7FF99C005711EA /* cafetop.png in Resources */,
				4D669DCE1C87382D0059D173 /* Icon-Small-50.png in Resources */,
				4D669DCD1C87382D0059D173 /* Icon-72@2x.png in Resources */,
				4D669DC11C87382D0059D173 /* Icon-40@2x.png in Resources */,
				4D669DBF1C87382D0059D173 /* Contents.json in Resources */,
				4DA246D91C86D5350027F165 /* ribon.png in Resources */,
				4D669DC81C87382D0059D173 /* Icon-Small.png in Resources */,
				4D669DC01C87382D0059D173 /* Icon-40.png in Resources */,
				4D669DCB1C87382D0059D173 /* Icon-60.png in Resources */,
				4D669DD21C87382D0059D173 /* iTunesArtwork.png in Resources */,
				4D669DC21C87382D0059D173 /* Icon-40@3x.png in Resources */,
				4DA246D71C86D0D50027F165 /* torokuwaku.png in Resources */,
				4D9830131C7843B600C4AC91 /* cafe_back.jpg in Resources */,
				4D4A26E11C89ACEE00037EE9 /* .gitignore in Resources */,
				4D669DC31C87382D0059D173 /* Icon-60@2x.png in Resources */,
				4D4A26E41C89ACEE00037EE9 /* Default-736h@3x.png in Resources */,
			);
			runOnlyForDeploymentPostprocessing = 0;
		};
		4DFB43D21C72BE9600D5F725 /* Resources */ = {
			isa = PBXResourcesBuildPhase;
			buildActionMask = 2147483647;
			files = (
			);
			runOnlyForDeploymentPostprocessing = 0;
		};
		4DFB43DD1C72BE9600D5F725 /* Resources */ = {
			isa = PBXResourcesBuildPhase;
			buildActionMask = 2147483647;
			files = (
			);
			runOnlyForDeploymentPostprocessing = 0;
		};
/* End PBXResourcesBuildPhase section */

/* Begin PBXSourcesBuildPhase section */
		4DFB43BC1C72BE9600D5F725 /* Sources */ = {
			isa = PBXSourcesBuildPhase;
			buildActionMask = 2147483647;
			files = (
				4DFB44611C78222400D5F725 /* TorokuViewController.swift in Sources */,
				4DFB43C61C72BE9600D5F725 /* ViewController.swift in Sources */,
				4D669DA81C7B3F80005711EA /* Cafe.swift in Sources */,
				4DFB43C41C72BE9600D5F725 /* AppDelegate.swift in Sources */,
				4D669DAA1C7C23D4005711EA /* SyousaiViewController.swift in Sources */,
				4D669D671C79DE0C005711EA /* ListTableViewController.swift in Sources */,
				4D669DD41C87382D0059D173 /* README.md in Sources */,
				4D4A26E61C89ACEE00037EE9 /* StoryboardHelper.swift in Sources */,
				4D669D6A1C79DE4C005711EA /* ListTableViewCell.swift in Sources */,
			);
			runOnlyForDeploymentPostprocessing = 0;
		};
		4DFB43D01C72BE9600D5F725 /* Sources */ = {
			isa = PBXSourcesBuildPhase;
			buildActionMask = 2147483647;
			files = (
				4DFB43D91C72BE9600D5F725 /* cafeappTests.swift in Sources */,
			);
			runOnlyForDeploymentPostprocessing = 0;
		};
		4DFB43DB1C72BE9600D5F725 /* Sources */ = {
			isa = PBXSourcesBuildPhase;
			buildActionMask = 2147483647;
			files = (
				4DFB43E41C72BE9600D5F725 /* cafeappUITests.swift in Sources */,
			);
			runOnlyForDeploymentPostprocessing = 0;
		};
/* End PBXSourcesBuildPhase section */

/* Begin PBXTargetDependency section */
		4DFB43D61C72BE9600D5F725 /* PBXTargetDependency */ = {
			isa = PBXTargetDependency;
			target = 4DFB43BF1C72BE9600D5F725 /* cafememo */;
			targetProxy = 4DFB43D51C72BE9600D5F725 /* PBXContainerItemProxy */;
		};
		4DFB43E11C72BE9600D5F725 /* PBXTargetDependency */ = {
			isa = PBXTargetDependency;
			target = 4DFB43BF1C72BE9600D5F725 /* cafememo */;
			targetProxy = 4DFB43E01C72BE9600D5F725 /* PBXContainerItemProxy */;
		};
/* End PBXTargetDependency section */

/* Begin PBXVariantGroup section */
		4DFB43C71C72BE9600D5F725 /* Main.storyboard */ = {
			isa = PBXVariantGroup;
			children = (
				4DFB43C81C72BE9600D5F725 /* Base */,
			);
			name = Main.storyboard;
			sourceTree = "<group>";
		};
		4DFB43CC1C72BE9600D5F725 /* LaunchScreen.storyboard */ = {
			isa = PBXVariantGroup;
			children = (
				4DFB43CD1C72BE9600D5F725 /* Base */,
			);
			name = LaunchScreen.storyboard;
			sourceTree = "<group>";
		};
/* End PBXVariantGroup section */

/* Begin XCBuildConfiguration section */
		4DFB43E61C72BE9600D5F725 /* Debug */ = {
			isa = XCBuildConfiguration;
			buildSettings = {
				ALWAYS_SEARCH_USER_PATHS = NO;
				CLANG_CXX_LANGUAGE_STANDARD = "gnu++0x";
				CLANG_CXX_LIBRARY = "libc++";
				CLANG_ENABLE_MODULES = YES;
				CLANG_ENABLE_OBJC_ARC = YES;
				CLANG_WARN_BOOL_CONVERSION = YES;
				CLANG_WARN_CONSTANT_CONVERSION = YES;
				CLANG_WARN_DIRECT_OBJC_ISA_USAGE = YES_ERROR;
				CLANG_WARN_EMPTY_BODY = YES;
				CLANG_WARN_ENUM_CONVERSION = YES;
				CLANG_WARN_INT_CONVERSION = YES;
				CLANG_WARN_OBJC_ROOT_CLASS = YES_ERROR;
				CLANG_WARN_UNREACHABLE_CODE = YES;
				CLANG_WARN__DUPLICATE_METHOD_MATCH = YES;
				"CODE_SIGN_IDENTITY[sdk=iphoneos*]" = "iPhone Developer";
				COPY_PHASE_STRIP = NO;
				DEBUG_INFORMATION_FORMAT = dwarf;
				ENABLE_STRICT_OBJC_MSGSEND = YES;
				ENABLE_TESTABILITY = YES;
				GCC_C_LANGUAGE_STANDARD = gnu99;
				GCC_DYNAMIC_NO_PIC = NO;
				GCC_NO_COMMON_BLOCKS = YES;
				GCC_OPTIMIZATION_LEVEL = 0;
				GCC_PREPROCESSOR_DEFINITIONS = (
					"DEBUG=1",
					"$(inherited)",
				);
				GCC_WARN_64_TO_32_BIT_CONVERSION = YES;
				GCC_WARN_ABOUT_RETURN_TYPE = YES_ERROR;
				GCC_WARN_UNDECLARED_SELECTOR = YES;
				GCC_WARN_UNINITIALIZED_AUTOS = YES_AGGRESSIVE;
				GCC_WARN_UNUSED_FUNCTION = YES;
				GCC_WARN_UNUSED_VARIABLE = YES;
				IPHONEOS_DEPLOYMENT_TARGET = 9.2;
				MTL_ENABLE_DEBUG_INFO = YES;
				ONLY_ACTIVE_ARCH = YES;
				SDKROOT = iphoneos;
				SWIFT_OPTIMIZATION_LEVEL = "-Onone";
			};
			name = Debug;
		};
		4DFB43E71C72BE9600D5F725 /* Release */ = {
			isa = XCBuildConfiguration;
			buildSettings = {
				ALWAYS_SEARCH_USER_PATHS = NO;
				CLANG_CXX_LANGUAGE_STANDARD = "gnu++0x";
				CLANG_CXX_LIBRARY = "libc++";
				CLANG_ENABLE_MODULES = YES;
				CLANG_ENABLE_OBJC_ARC = YES;
				CLANG_WARN_BOOL_CONVERSION = YES;
				CLANG_WARN_CONSTANT_CONVERSION = YES;
				CLANG_WARN_DIRECT_OBJC_ISA_USAGE = YES_ERROR;
				CLANG_WARN_EMPTY_BODY = YES;
				CLANG_WARN_ENUM_CONVERSION = YES;
				CLANG_WARN_INT_CONVERSION = YES;
				CLANG_WARN_OBJC_ROOT_CLASS = YES_ERROR;
				CLANG_WARN_UNREACHABLE_CODE = YES;
				CLANG_WARN__DUPLICATE_METHOD_MATCH = YES;
				"CODE_SIGN_IDENTITY[sdk=iphoneos*]" = "iPhone Developer";
				COPY_PHASE_STRIP = NO;
				DEBUG_INFORMATION_FORMAT = "dwarf-with-dsym";
				ENABLE_NS_ASSERTIONS = NO;
				ENABLE_STRICT_OBJC_MSGSEND = YES;
				GCC_C_LANGUAGE_STANDARD = gnu99;
				GCC_NO_COMMON_BLOCKS = YES;
				GCC_WARN_64_TO_32_BIT_CONVERSION = YES;
				GCC_WARN_ABOUT_RETURN_TYPE = YES_ERROR;
				GCC_WARN_UNDECLARED_SELECTOR = YES;
				GCC_WARN_UNINITIALIZED_AUTOS = YES_AGGRESSIVE;
				GCC_WARN_UNUSED_FUNCTION = YES;
				GCC_WARN_UNUSED_VARIABLE = YES;
				IPHONEOS_DEPLOYMENT_TARGET = 9.2;
				MTL_ENABLE_DEBUG_INFO = NO;
				SDKROOT = iphoneos;
				VALIDATE_PRODUCT = YES;
			};
			name = Release;
		};
		4DFB43E91C72BE9600D5F725 /* Debug */ = {
			isa = XCBuildConfiguration;
			buildSettings = {
				ASSETCATALOG_COMPILER_APPICON_NAME = AppIcon;
				CODE_SIGN_IDENTITY = "iPhone Developer";
				"CODE_SIGN_IDENTITY[sdk=iphoneos*]" = "iPhone Developer";
				INFOPLIST_FILE = cafeapp/Info.plist;
				LD_RUNPATH_SEARCH_PATHS = "$(inherited) @executable_path/Frameworks";
				PRODUCT_BUNDLE_IDENTIFIER = com.litech.cafememo;
				PRODUCT_NAME = cafememo;
				PROVISIONING_PROFILE = "";
			};
			name = Debug;
		};
		4DFB43EA1C72BE9600D5F725 /* Release */ = {
			isa = XCBuildConfiguration;
			buildSettings = {
				ASSETCATALOG_COMPILER_APPICON_NAME = AppIcon;
				CODE_SIGN_IDENTITY = "iPhone Developer";
				"CODE_SIGN_IDENTITY[sdk=iphoneos*]" = "iPhone Developer";
				INFOPLIST_FILE = cafeapp/Info.plist;
				LD_RUNPATH_SEARCH_PATHS = "$(inherited) @executable_path/Frameworks";
				PRODUCT_BUNDLE_IDENTIFIER = com.litech.cafememo;
				PRODUCT_NAME = cafememo;
				PROVISIONING_PROFILE = "";
			};
			name = Release;
		};
		4DFB43EC1C72BE9600D5F725 /* Debug */ = {
			isa = XCBuildConfiguration;
			buildSettings = {
				BUNDLE_LOADER = "$(TEST_HOST)";
				INFOPLIST_FILE = cafeappTests/Info.plist;
				LD_RUNPATH_SEARCH_PATHS = "$(inherited) @executable_path/Frameworks @loader_path/Frameworks";
				PRODUCT_BUNDLE_IDENTIFIER = com.litech.cafeappTests;
				PRODUCT_NAME = cafememo;
				TEST_HOST = "$(BUILT_PRODUCTS_DIR)/cafememo.app/cafememo";
			};
			name = Debug;
		};
		4DFB43ED1C72BE9600D5F725 /* Release */ = {
			isa = XCBuildConfiguration;
			buildSettings = {
				BUNDLE_LOADER = "$(TEST_HOST)";
				INFOPLIST_FILE = cafeappTests/Info.plist;
				LD_RUNPATH_SEARCH_PATHS = "$(inherited) @executable_path/Frameworks @loader_path/Frameworks";
				PRODUCT_BUNDLE_IDENTIFIER = com.litech.cafeappTests;
				PRODUCT_NAME = cafememo;
				TEST_HOST = "$(BUILT_PRODUCTS_DIR)/cafememo.app/cafememo";
			};
			name = Release;
		};
		4DFB43EF1C72BE9600D5F725 /* Debug */ = {
			isa = XCBuildConfiguration;
			buildSettings = {
				INFOPLIST_FILE = cafeappUITests/Info.plist;
				LD_RUNPATH_SEARCH_PATHS = "$(inherited) @executable_path/Frameworks @loader_path/Frameworks";
				PRODUCT_BUNDLE_IDENTIFIER = com.litech.cafeappUITests;
				PRODUCT_NAME = cafememo;
				TEST_TARGET_NAME = cafeapp;
				USES_XCTRUNNER = YES;
			};
			name = Debug;
		};
		4DFB43F01C72BE9600D5F725 /* Release */ = {
			isa = XCBuildConfiguration;
			buildSettings = {
				INFOPLIST_FILE = cafeappUITests/Info.plist;
				LD_RUNPATH_SEARCH_PATHS = "$(inherited) @executable_path/Frameworks @loader_path/Frameworks";
				PRODUCT_BUNDLE_IDENTIFIER = com.litech.cafeappUITests;
				PRODUCT_NAME = cafememo;
				TEST_TARGET_NAME = cafeapp;
				USES_XCTRUNNER = YES;
			};
			name = Release;
		};
/* End XCBuildConfiguration section */

/* Begin XCConfigurationList section */
		4DFB43BB1C72BE9600D5F725 /* Build configuration list for PBXProject "cafememo" */ = {
			isa = XCConfigurationList;
			buildConfigurations = (
				4DFB43E61C72BE9600D5F725 /* Debug */,
				4DFB43E71C72BE9600D5F725 /* Release */,
			);
			defaultConfigurationIsVisible = 0;
			defaultConfigurationName = Release;
		};
		4DFB43E81C72BE9600D5F725 /* Build configuration list for PBXNativeTarget "cafememo" */ = {
			isa = XCConfigurationList;
			buildConfigurations = (
				4DFB43E91C72BE9600D5F725 /* Debug */,
				4DFB43EA1C72BE9600D5F725 /* Release */,
			);
			defaultConfigurationIsVisible = 0;
			defaultConfigurationName = Release;
		};
		4DFB43EB1C72BE9600D5F725 /* Build configuration list for PBXNativeTarget "cafememoTests" */ = {
			isa = XCConfigurationList;
			buildConfigurations = (
				4DFB43EC1C72BE9600D5F725 /* Debug */,
				4DFB43ED1C72BE9600D5F725 /* Release */,
			);
			defaultConfigurationIsVisible = 0;
			defaultConfigurationName = Release;
		};
		4DFB43EE1C72BE9600D5F725 /* Build configuration list for PBXNativeTarget "cafememoUITests" */ = {
			isa = XCConfigurationList;
			buildConfigurations = (
				4DFB43EF1C72BE9600D5F725 /* Debug */,
				4DFB43F01C72BE9600D5F725 /* Release */,
			);
			defaultConfigurationIsVisible = 0;
			defaultConfigurationName = Release;
		};
/* End XCConfigurationList section */
	};
	rootObject = 4DFB43B81C72BE9600D5F725 /* Project object */;
}
